
Microsoft Visual Studio Solution File, Format Version 12.00
# Visual Studio 14
VisualStudioVersion = 14.0.25123.0
MinimumVisualStudioVersion = 10.0.40219.1
Project("{FAE04EC0-301F-11D3-BF4B-00C04F79EFBC}") = "Euler Problem 1", "Euler\Euler Problem 1.csproj", "{39DCACD5-7AE6-4263-9F9A-18201DF4FCD1}"
EndProject
Project("{FAE04EC0-301F-11D3-BF4B-00C04F79EFBC}") = "Euler Problem 2", "Euler Problem 2\Euler Problem 2.csproj", "{22614E51-84FD-4C16-BCA9-D0DA25FAF55F}"
EndProject
Project("{FAE04EC0-301F-11D3-BF4B-00C04F79EFBC}") = "Euler Problem 3", "Euler Problem 3\Euler Problem 3.csproj", "{4F0F4708-7DD6-4749-B9FA-B241368CBFB0}"
EndProject
Project("{FAE04EC0-301F-11D3-BF4B-00C04F79EFBC}") = "PrimeHandler", "PrimeHandler\PrimeHandler.csproj", "{C8C3B655-E0B5-4FFC-886E-2B0B4EE47FE1}"
EndProject
Project("{FAE04EC0-301F-11D3-BF4B-00C04F79EFBC}") = "Euler Problem 4", "Euler Problem 4\Euler Problem 4.csproj", "{0814B1EC-00B6-43CF-9077-DDB865243152}"
EndProject
Project("{FAE04EC0-301F-11D3-BF4B-00C04F79EFBC}") = "Euler Problem 5", "Euler Problem 5\Euler Problem 5.csproj", "{D241DE31-73F6-4C3A-8472-78E10BD7A606}"
EndProject
Project("{FAE04EC0-301F-11D3-BF4B-00C04F79EFBC}") = "Euler Problem 6", "Euler Problem 6\Euler Problem 6.csproj", "{D5B45624-F15D-4E9B-9634-439B22D39003}"
EndProject
Global
	GlobalSection(SolutionConfigurationPlatforms) = preSolution
		Debug|Any CPU = Debug|Any CPU
		Release|Any CPU = Release|Any CPU
	EndGlobalSection
	GlobalSection(ProjectConfigurationPlatforms) = postSolution
		{39DCACD5-7AE6-4263-9F9A-18201DF4FCD1}.Debug|Any CPU.ActiveCfg = Debug|Any CPU
		{39DCACD5-7AE6-4263-9F9A-18201DF4FCD1}.Debug|Any CPU.Build.0 = Debug|Any CPU
		{39DCACD5-7AE6-4263-9F9A-18201DF4FCD1}.Release|Any CPU.ActiveCfg = Release|Any CPU
		{39DCACD5-7AE6-4263-9F9A-18201DF4FCD1}.Release|Any CPU.Build.0 = Release|Any CPU
		{22614E51-84FD-4C16-BCA9-D0DA25FAF55F}.Debug|Any CPU.ActiveCfg = Debug|Any CPU
		{22614E51-84FD-4C16-BCA9-D0DA25FAF55F}.Debug|Any CPU.Build.0 = Debug|Any CPU
		{22614E51-84FD-4C16-BCA9-D0DA25FAF55F}.Release|Any CPU.ActiveCfg = Release|Any CPU
		{22614E51-84FD-4C16-BCA9-D0DA25FAF55F}.Release|Any CPU.Build.0 = Release|Any CPU
		{4F0F4708-7DD6-4749-B9FA-B241368CBFB0}.Debug|Any CPU.ActiveCfg = Debug|Any CPU
		{4F0F4708-7DD6-4749-B9FA-B241368CBFB0}.Debug|Any CPU.Build.0 = Debug|Any CPU
		{4F0F4708-7DD6-4749-B9FA-B241368CBFB0}.Release|Any CPU.ActiveCfg = Release|Any CPU
		{4F0F4708-7DD6-4749-B9FA-B241368CBFB0}.Release|Any CPU.Build.0 = Release|Any CPU
		{C8C3B655-E0B5-4FFC-886E-2B0B4EE47FE1}.Debug|Any CPU.ActiveCfg = Debug|Any CPU
		{C8C3B655-E0B5-4FFC-886E-2B0B4EE47FE1}.Debug|Any CPU.Build.0 = Debug|Any CPU
		{C8C3B655-E0B5-4FFC-886E-2B0B4EE47FE1}.Release|Any CPU.ActiveCfg = Release|Any CPU
		{C8C3B655-E0B5-4FFC-886E-2B0B4EE47FE1}.Release|Any CPU.Build.0 = Release|Any CPU
		{0814B1EC-00B6-43CF-9077-DDB865243152}.Debug|Any CPU.ActiveCfg = Debug|Any CPU
		{0814B1EC-00B6-43CF-9077-DDB865243152}.Debug|Any CPU.Build.0 = Debug|Any CPU
		{0814B1EC-00B6-43CF-9077-DDB865243152}.Release|Any CPU.ActiveCfg = Release|Any CPU
		{0814B1EC-00B6-43CF-9077-DDB865243152}.Release|Any CPU.Build.0 = Release|Any CPU
		{D241DE31-73F6-4C3A-8472-78E10BD7A606}.Debug|Any CPU.ActiveCfg = Debug|Any CPU
		{D241DE31-73F6-4C3A-8472-78E10BD7A606}.Debug|Any CPU.Build.0 = Debug|Any CPU
		{D241DE31-73F6-4C3A-8472-78E10BD7A606}.Release|Any CPU.ActiveCfg = Release|Any CPU
		{D241DE31-73F6-4C3A-8472-78E10BD7A606}.Release|Any CPU.Build.0 = Release|Any CPU
		{D5B45624-F15D-4E9B-9634-439B22D39003}.Debug|Any CPU.ActiveCfg = Debug|Any CPU
		{D5B45624-F15D-4E9B-9634-439B22D39003}.Debug|Any CPU.Build.0 = Debug|Any CPU
		{D5B45624-F15D-4E9B-9634-439B22D39003}.Release|Any CPU.ActiveCfg = Release|Any CPU
		{D5B45624-F15D-4E9B-9634-439B22D39003}.Release|Any CPU.Build.0 = Release|Any CPU
	EndGlobalSection
	GlobalSection(SolutionProperties) = preSolution
		HideSolutionNode = FALSE
	EndGlobalSection
EndGlobal
